
Microsoft Visual Studio Solution File, Format Version 12.00
# Visual Studio Version 17
VisualStudioVersion = 17.11.35431.28
MinimumVisualStudioVersion = 10.0.40219.1
Project("{FAE04EC0-301F-11D3-BF4B-00C04F79EFBC}") = "Exercise1", "Exercise1.csproj", "{B7EA6CDE-4F44-4343-AE9C-0521048A3EE0}"
EndProject
Global
	GlobalSection(SolutionConfigurationPlatforms) = preSolution
		Debug|Any CPU = Debug|Any CPU
		Release|Any CPU = Release|Any CPU
	EndGlobalSection
	GlobalSection(ProjectConfigurationPlatforms) = postSolution
		{B7EA6CDE-4F44-4343-AE9C-0521048A3EE0}.Debug|Any CPU.ActiveCfg = Debug|Any CPU
		{B7EA6CDE-4F44-4343-AE9C-0521048A3EE0}.Debug|Any CPU.Build.0 = Debug|Any CPU
		{B7EA6CDE-4F44-4343-AE9C-0521048A3EE0}.Release|Any CPU.ActiveCfg = Release|Any CPU
		{B7EA6CDE-4F44-4343-AE9C-0521048A3EE0}.Release|Any CPU.Build.0 = Release|Any CPU
	EndGlobalSection
	GlobalSection(SolutionProperties) = preSolution
		HideSolutionNode = FALSE
	EndGlobalSection
	GlobalSection(ExtensibilityGlobals) = postSolution
		SolutionGuid = {1A070E9F-C264-4E86-908C-99E171CF5D8A}
	EndGlobalSection
EndGlobal
